
Microsoft Visual Studio Solution File, Format Version 12.00
# Visual Studio Version 16
VisualStudioVersion = 16.0.30413.136
MinimumVisualStudioVersion = 10.0.40219.1
Project("{9A19103F-16F7-4668-BE54-9A1E7A4F7556}") = "Travel", "Travel\Travel.csproj", "{F8A6D5CE-16E1-4442-8D2F-09A7A7807FD1}"
EndProject
Project("{9A19103F-16F7-4668-BE54-9A1E7A4F7556}") = "TravelDatabase", "TravelDatabase\TravelDatabase.csproj", "{55E5717F-6127-4124-B19A-ECF4B24C4441}"
EndProject
Global
	GlobalSection(SolutionConfigurationPlatforms) = preSolution
		Debug|Any CPU = Debug|Any CPU
		Release|Any CPU = Release|Any CPU
	EndGlobalSection
	GlobalSection(ProjectConfigurationPlatforms) = postSolution
		{F8A6D5CE-16E1-4442-8D2F-09A7A7807FD1}.Debug|Any CPU.ActiveCfg = Debug|Any CPU
		{F8A6D5CE-16E1-4442-8D2F-09A7A7807FD1}.Debug|Any CPU.Build.0 = Debug|Any CPU
		{F8A6D5CE-16E1-4442-8D2F-09A7A7807FD1}.Release|Any CPU.ActiveCfg = Release|Any CPU
		{F8A6D5CE-16E1-4442-8D2F-09A7A7807FD1}.Release|Any CPU.Build.0 = Release|Any CPU
		{55E5717F-6127-4124-B19A-ECF4B24C4441}.Debug|Any CPU.ActiveCfg = Debug|Any CPU
		{55E5717F-6127-4124-B19A-ECF4B24C4441}.Debug|Any CPU.Build.0 = Debug|Any CPU
		{55E5717F-6127-4124-B19A-ECF4B24C4441}.Release|Any CPU.ActiveCfg = Release|Any CPU
		{55E5717F-6127-4124-B19A-ECF4B24C4441}.Release|Any CPU.Build.0 = Release|Any CPU
	EndGlobalSection
	GlobalSection(SolutionProperties) = preSolution
		HideSolutionNode = FALSE
	EndGlobalSection
	GlobalSection(ExtensibilityGlobals) = postSolution
		SolutionGuid = {BBEF53C3-19A6-4836-AFA4-6ED4200C6BF6}
	EndGlobalSection
EndGlobal
