
Microsoft Visual Studio Solution File, Format Version 12.00
# Visual Studio Version 17
VisualStudioVersion = 17.0.31912.275
MinimumVisualStudioVersion = 10.0.40219.1
Project("{9A19103F-16F7-4668-BE54-9A1E7A4F7556}") = "Landing", "Landing\Landing.csproj", "{A39F4472-29DE-4CC3-AAA7-2F920E10E2A2}"
	ProjectSection(ProjectDependencies) = postProject
		{4C6D5D01-9ECC-4E1D-A434-C4A89BDCD06C} = {4C6D5D01-9ECC-4E1D-A434-C4A89BDCD06C}
	EndProjectSection
EndProject
Project("{9A19103F-16F7-4668-BE54-9A1E7A4F7556}") = "Landing.Server", "Landing.Server\Landing.Server.csproj", "{4C35BE34-346E-4A86-929A-BA8ECA4A5501}"
EndProject
Project("{9A19103F-16F7-4668-BE54-9A1E7A4F7556}") = "Landing.Repository", "Landing.Repository\Landing.Repository.csproj", "{4C6D5D01-9ECC-4E1D-A434-C4A89BDCD06C}"
EndProject
Project("{9A19103F-16F7-4668-BE54-9A1E7A4F7556}") = "Landing.Win", "Landing.Win\Landing.Win.csproj", "{9B6E2994-1803-49A2-9BFA-305680C58C57}"
EndProject
Project("{9A19103F-16F7-4668-BE54-9A1E7A4F7556}") = "Landing.Server.Database", "Landing.Server.Database\Landing.Server.Database.csproj", "{D9109EBA-1C46-460F-8976-0E3957C0364F}"
EndProject
Project("{FAE04EC0-301F-11D3-BF4B-00C04F79EFBC}") = "Landing.Library", "Landing.Library\Landing.Library.csproj", "{C00363D8-1131-4D21-A327-A81FCD8497D3}"
EndProject
Global
	GlobalSection(SolutionConfigurationPlatforms) = preSolution
		Debug|Any CPU = Debug|Any CPU
		Release|Any CPU = Release|Any CPU
	EndGlobalSection
	GlobalSection(ProjectConfigurationPlatforms) = postSolution
		{A39F4472-29DE-4CC3-AAA7-2F920E10E2A2}.Debug|Any CPU.ActiveCfg = Debug|Any CPU
		{A39F4472-29DE-4CC3-AAA7-2F920E10E2A2}.Debug|Any CPU.Build.0 = Debug|Any CPU
		{A39F4472-29DE-4CC3-AAA7-2F920E10E2A2}.Release|Any CPU.ActiveCfg = Release|Any CPU
		{A39F4472-29DE-4CC3-AAA7-2F920E10E2A2}.Release|Any CPU.Build.0 = Release|Any CPU
		{4C35BE34-346E-4A86-929A-BA8ECA4A5501}.Debug|Any CPU.ActiveCfg = Debug|Any CPU
		{4C35BE34-346E-4A86-929A-BA8ECA4A5501}.Debug|Any CPU.Build.0 = Debug|Any CPU
		{4C35BE34-346E-4A86-929A-BA8ECA4A5501}.Release|Any CPU.ActiveCfg = Release|Any CPU
		{4C35BE34-346E-4A86-929A-BA8ECA4A5501}.Release|Any CPU.Build.0 = Release|Any CPU
		{4C6D5D01-9ECC-4E1D-A434-C4A89BDCD06C}.Debug|Any CPU.ActiveCfg = Debug|Any CPU
		{4C6D5D01-9ECC-4E1D-A434-C4A89BDCD06C}.Debug|Any CPU.Build.0 = Debug|Any CPU
		{4C6D5D01-9ECC-4E1D-A434-C4A89BDCD06C}.Release|Any CPU.ActiveCfg = Release|Any CPU
		{4C6D5D01-9ECC-4E1D-A434-C4A89BDCD06C}.Release|Any CPU.Build.0 = Release|Any CPU
		{9B6E2994-1803-49A2-9BFA-305680C58C57}.Debug|Any CPU.ActiveCfg = Debug|Any CPU
		{9B6E2994-1803-49A2-9BFA-305680C58C57}.Debug|Any CPU.Build.0 = Debug|Any CPU
		{9B6E2994-1803-49A2-9BFA-305680C58C57}.Release|Any CPU.ActiveCfg = Release|Any CPU
		{9B6E2994-1803-49A2-9BFA-305680C58C57}.Release|Any CPU.Build.0 = Release|Any CPU
		{D9109EBA-1C46-460F-8976-0E3957C0364F}.Debug|Any CPU.ActiveCfg = Debug|Any CPU
		{D9109EBA-1C46-460F-8976-0E3957C0364F}.Debug|Any CPU.Build.0 = Debug|Any CPU
		{D9109EBA-1C46-460F-8976-0E3957C0364F}.Release|Any CPU.ActiveCfg = Release|Any CPU
		{D9109EBA-1C46-460F-8976-0E3957C0364F}.Release|Any CPU.Build.0 = Release|Any CPU
		{C00363D8-1131-4D21-A327-A81FCD8497D3}.Debug|Any CPU.ActiveCfg = Debug|Any CPU
		{C00363D8-1131-4D21-A327-A81FCD8497D3}.Debug|Any CPU.Build.0 = Debug|Any CPU
		{C00363D8-1131-4D21-A327-A81FCD8497D3}.Release|Any CPU.ActiveCfg = Release|Any CPU
		{C00363D8-1131-4D21-A327-A81FCD8497D3}.Release|Any CPU.Build.0 = Release|Any CPU
	EndGlobalSection
	GlobalSection(SolutionProperties) = preSolution
		HideSolutionNode = FALSE
	EndGlobalSection
	GlobalSection(ExtensibilityGlobals) = postSolution
		SolutionGuid = {209984A7-8F94-4BF4-9CC7-41DA022E0DFD}
	EndGlobalSection
EndGlobal
