
Microsoft Visual Studio Solution File, Format Version 12.00
# Visual Studio Version 16
VisualStudioVersion = 16.0.30503.244
MinimumVisualStudioVersion = 10.0.40219.1
Project("{FAE04EC0-301F-11D3-BF4B-00C04F79EFBC}") = "WebAPI", "WebAPI\WebAPI.csproj", "{6A5D420E-163B-418F-987B-E933869A74AC}"
EndProject
Project("{9A19103F-16F7-4668-BE54-9A1E7A4F7556}") = "TravelDatabase", "..\Travel\TravelDatabase\TravelDatabase.csproj", "{656DAA39-E82D-4044-B689-6DD01D9E0464}"
EndProject
Global
	GlobalSection(SolutionConfigurationPlatforms) = preSolution
		Debug|Any CPU = Debug|Any CPU
		Release|Any CPU = Release|Any CPU
	EndGlobalSection
	GlobalSection(ProjectConfigurationPlatforms) = postSolution
		{6A5D420E-163B-418F-987B-E933869A74AC}.Debug|Any CPU.ActiveCfg = Debug|Any CPU
		{6A5D420E-163B-418F-987B-E933869A74AC}.Debug|Any CPU.Build.0 = Debug|Any CPU
		{6A5D420E-163B-418F-987B-E933869A74AC}.Release|Any CPU.ActiveCfg = Release|Any CPU
		{6A5D420E-163B-418F-987B-E933869A74AC}.Release|Any CPU.Build.0 = Release|Any CPU
		{656DAA39-E82D-4044-B689-6DD01D9E0464}.Debug|Any CPU.ActiveCfg = Debug|Any CPU
		{656DAA39-E82D-4044-B689-6DD01D9E0464}.Debug|Any CPU.Build.0 = Debug|Any CPU
		{656DAA39-E82D-4044-B689-6DD01D9E0464}.Release|Any CPU.ActiveCfg = Release|Any CPU
		{656DAA39-E82D-4044-B689-6DD01D9E0464}.Release|Any CPU.Build.0 = Release|Any CPU
	EndGlobalSection
	GlobalSection(SolutionProperties) = preSolution
		HideSolutionNode = FALSE
	EndGlobalSection
	GlobalSection(ExtensibilityGlobals) = postSolution
		SolutionGuid = {F18B047B-1744-432C-B7CE-0DBD755493DC}
	EndGlobalSection
EndGlobal
